// !$*UTF8*$!
{
	archiveVersion = 1;
	classes = {
	};
	objectVersion = 55;
	objects = {

/* Begin PBXBuildFile section */
		6BEAC39D272C941D00F37166 /* AppDelegate.swift in Sources */ = {isa = PBXBuildFile; fileRef = 6BEAC39C272C941D00F37166 /* AppDelegate.swift */; };
		6BEAC39F272C941D00F37166 /* SceneDelegate.swift in Sources */ = {isa = PBXBuildFile; fileRef = 6BEAC39E272C941D00F37166 /* SceneDelegate.swift */; };
		6BEAC3A4272C941D00F37166 /* Main.storyboard in Resources */ = {isa = PBXBuildFile; fileRef = 6BEAC3A2272C941D00F37166 /* Main.storyboard */; };
		6BEAC3A6272C941E00F37166 /* Assets.xcassets in Resources */ = {isa = PBXBuildFile; fileRef = 6BEAC3A5272C941E00F37166 /* Assets.xcassets */; };
		6BEAC3A9272C941E00F37166 /* LaunchScreen.storyboard in Resources */ = {isa = PBXBuildFile; fileRef = 6BEAC3A7272C941E00F37166 /* LaunchScreen.storyboard */; };
		6BEAC3B5272C986B00F37166 /* OfferCellsViewController.swift in Sources */ = {isa = PBXBuildFile; fileRef = 6BEAC3B4272C986B00F37166 /* OfferCellsViewController.swift */; };
		6BEAC3B7272C99C200F37166 /* OfferCollectionViewCell.swift in Sources */ = {isa = PBXBuildFile; fileRef = 6BEAC3B6272C99C200F37166 /* OfferCollectionViewCell.swift */; };
		6BEAC3BB272C9F2800F37166 /* AutoInvalidatingLayout.swift in Sources */ = {isa = PBXBuildFile; fileRef = 6BEAC3BA272C9F2800F37166 /* AutoInvalidatingLayout.swift */; };
		6BEAC3BE272DE36500F37166 /* RunTheNumbers.xcdatamodeld in Sources */ = {isa = PBXBuildFile; fileRef = 6BEAC3BC272DE36500F37166 /* RunTheNumbers.xcdatamodeld */; };
/* End PBXBuildFile section */

/* Begin PBXFileReference section */
		6BEAC399272C941D00F37166 /* RunTheNumbers.app */ = {isa = PBXFileReference; explicitFileType = wrapper.application; includeInIndex = 0; path = RunTheNumbers.app; sourceTree = BUILT_PRODUCTS_DIR; };
		6BEAC39C272C941D00F37166 /* AppDelegate.swift */ = {isa = PBXFileReference; lastKnownFileType = sourcecode.swift; path = AppDelegate.swift; sourceTree = "<group>"; };
		6BEAC39E272C941D00F37166 /* SceneDelegate.swift */ = {isa = PBXFileReference; lastKnownFileType = sourcecode.swift; path = SceneDelegate.swift; sourceTree = "<group>"; };
		6BEAC3A3272C941D00F37166 /* Base */ = {isa = PBXFileReference; lastKnownFileType = file.storyboard; name = Base; path = Base.lproj/Main.storyboard; sourceTree = "<group>"; };
		6BEAC3A5272C941E00F37166 /* Assets.xcassets */ = {isa = PBXFileReference; lastKnownFileType = folder.assetcatalog; path = Assets.xcassets; sourceTree = "<group>"; };
		6BEAC3A8272C941E00F37166 /* Base */ = {isa = PBXFileReference; lastKnownFileType = file.storyboard; name = Base; path = Base.lproj/LaunchScreen.storyboard; sourceTree = "<group>"; };
		6BEAC3AA272C941E00F37166 /* Info.plist */ = {isa = PBXFileReference; lastKnownFileType = text.plist.xml; path = Info.plist; sourceTree = "<group>"; };
		6BEAC3B4272C986B00F37166 /* OfferCellsViewController.swift */ = {isa = PBXFileReference; lastKnownFileType = sourcecode.swift; path = OfferCellsViewController.swift; sourceTree = "<group>"; };
		6BEAC3B6272C99C200F37166 /* OfferCollectionViewCell.swift */ = {isa = PBXFileReference; lastKnownFileType = sourcecode.swift; path = OfferCollectionViewCell.swift; sourceTree = "<group>"; };
		6BEAC3BA272C9F2800F37166 /* AutoInvalidatingLayout.swift */ = {isa = PBXFileReference; lastKnownFileType = sourcecode.swift; path = AutoInvalidatingLayout.swift; sourceTree = "<group>"; };
		6BEAC3BD272DE36500F37166 /* RunTheNumbers.xcdatamodel */ = {isa = PBXFileReference; lastKnownFileType = wrapper.xcdatamodel; path = RunTheNumbers.xcdatamodel; sourceTree = "<group>"; };
/* End PBXFileReference section */

/* Begin PBXFrameworksBuildPhase section */
		6BEAC396272C941D00F37166 /* Frameworks */ = {
			isa = PBXFrameworksBuildPhase;
			buildActionMask = 2147483647;
			files = (
			);
			runOnlyForDeploymentPostprocessing = 0;
		};
/* End PBXFrameworksBuildPhase section */

/* Begin PBXGroup section */
		6BEAC390272C941C00F37166 = {
			isa = PBXGroup;
			children = (
				6BEAC39B272C941D00F37166 /* RunTheNumbers */,
				6BEAC39A272C941D00F37166 /* Products */,
			);
			sourceTree = "<group>";
		};
		6BEAC39A272C941D00F37166 /* Products */ = {
			isa = PBXGroup;
			children = (
				6BEAC399272C941D00F37166 /* RunTheNumbers.app */,
			);
			name = Products;
			sourceTree = "<group>";
		};
		6BEAC39B272C941D00F37166 /* RunTheNumbers */ = {
			isa = PBXGroup;
			children = (
				6BEAC39C272C941D00F37166 /* AppDelegate.swift */,
				6BEAC39E272C941D00F37166 /* SceneDelegate.swift */,
				6BEAC3B3272C94F000F37166 /* ModelControllers */,
				6BEAC3B2272C94E100F37166 /* ViewControllers */,
				6BEAC3B1272C94DE00F37166 /* Views */,
				6BEAC3B0272C94D900F37166 /* Models */,
				6BEAC3A2272C941D00F37166 /* Main.storyboard */,
				6BEAC3A5272C941E00F37166 /* Assets.xcassets */,
				6BEAC3A7272C941E00F37166 /* LaunchScreen.storyboard */,
				6BEAC3AA272C941E00F37166 /* Info.plist */,
				6BEAC3BC272DE36500F37166 /* RunTheNumbers.xcdatamodeld */,
			);
			path = RunTheNumbers;
			sourceTree = "<group>";
		};
		6BEAC3B0272C94D900F37166 /* Models */ = {
			isa = PBXGroup;
			children = (
			);
			path = Models;
			sourceTree = "<group>";
		};
		6BEAC3B1272C94DE00F37166 /* Views */ = {
			isa = PBXGroup;
			children = (
				6BEAC3B6272C99C200F37166 /* OfferCollectionViewCell.swift */,
				6BEAC3BA272C9F2800F37166 /* AutoInvalidatingLayout.swift */,
			);
			path = Views;
			sourceTree = "<group>";
		};
		6BEAC3B2272C94E100F37166 /* ViewControllers */ = {
			isa = PBXGroup;
			children = (
				6BEAC3B4272C986B00F37166 /* OfferCellsViewController.swift */,
			);
			path = ViewControllers;
			sourceTree = "<group>";
		};
		6BEAC3B3272C94F000F37166 /* ModelControllers */ = {
			isa = PBXGroup;
			children = (
			);
			path = ModelControllers;
			sourceTree = "<group>";
		};
/* End PBXGroup section */

/* Begin PBXNativeTarget section */
		6BEAC398272C941D00F37166 /* RunTheNumbers */ = {
			isa = PBXNativeTarget;
			buildConfigurationList = 6BEAC3AD272C941E00F37166 /* Build configuration list for PBXNativeTarget "RunTheNumbers" */;
			buildPhases = (
				6BEAC395272C941D00F37166 /* Sources */,
				6BEAC396272C941D00F37166 /* Frameworks */,
				6BEAC397272C941D00F37166 /* Resources */,
			);
			buildRules = (
			);
			dependencies = (
			);
			name = RunTheNumbers;
			productName = RunTheNumbers;
			productReference = 6BEAC399272C941D00F37166 /* RunTheNumbers.app */;
			productType = "com.apple.product-type.application";
		};
/* End PBXNativeTarget section */

/* Begin PBXProject section */
		6BEAC391272C941C00F37166 /* Project object */ = {
			isa = PBXProject;
			attributes = {
				BuildIndependentTargetsInParallel = 1;
				LastSwiftUpdateCheck = 1310;
				LastUpgradeCheck = 1310;
				TargetAttributes = {
					6BEAC398272C941D00F37166 = {
						CreatedOnToolsVersion = 13.1;
					};
				};
			};
			buildConfigurationList = 6BEAC394272C941C00F37166 /* Build configuration list for PBXProject "RunTheNumbers" */;
			compatibilityVersion = "Xcode 13.0";
			developmentRegion = en;
			hasScannedForEncodings = 0;
			knownRegions = (
				en,
				Base,
			);
			mainGroup = 6BEAC390272C941C00F37166;
			productRefGroup = 6BEAC39A272C941D00F37166 /* Products */;
			projectDirPath = "";
			projectRoot = "";
			targets = (
				6BEAC398272C941D00F37166 /* RunTheNumbers */,
			);
		};
/* End PBXProject section */

/* Begin PBXResourcesBuildPhase section */
		6BEAC397272C941D00F37166 /* Resources */ = {
			isa = PBXResourcesBuildPhase;
			buildActionMask = 2147483647;
			files = (
				6BEAC3A9272C941E00F37166 /* LaunchScreen.storyboard in Resources */,
				6BEAC3A6272C941E00F37166 /* Assets.xcassets in Resources */,
				6BEAC3A4272C941D00F37166 /* Main.storyboard in Resources */,
			);
			runOnlyForDeploymentPostprocessing = 0;
		};
/* End PBXResourcesBuildPhase section */

/* Begin PBXSourcesBuildPhase section */
		6BEAC395272C941D00F37166 /* Sources */ = {
			isa = PBXSourcesBuildPhase;
			buildActionMask = 2147483647;
			files = (
				6BEAC3B5272C986B00F37166 /* OfferCellsViewController.swift in Sources */,
				6BEAC3B7272C99C200F37166 /* OfferCollectionViewCell.swift in Sources */,
				6BEAC3BE272DE36500F37166 /* RunTheNumbers.xcdatamodeld in Sources */,
				6BEAC39D272C941D00F37166 /* AppDelegate.swift in Sources */,
				6BEAC3BB272C9F2800F37166 /* AutoInvalidatingLayout.swift in Sources */,
				6BEAC39F272C941D00F37166 /* SceneDelegate.swift in Sources */,
			);
			runOnlyForDeploymentPostprocessing = 0;
		};
/* End PBXSourcesBuildPhase section */

/* Begin PBXVariantGroup section */
		6BEAC3A2272C941D00F37166 /* Main.storyboard */ = {
			isa = PBXVariantGroup;
			children = (
				6BEAC3A3272C941D00F37166 /* Base */,
			);
			name = Main.storyboard;
			sourceTree = "<group>";
		};
		6BEAC3A7272C941E00F37166 /* LaunchScreen.storyboard */ = {
			isa = PBXVariantGroup;
			children = (
				6BEAC3A8272C941E00F37166 /* Base */,
			);
			name = LaunchScreen.storyboard;
			sourceTree = "<group>";
		};
/* End PBXVariantGroup section */

/* Begin XCBuildConfiguration section */
		6BEAC3AB272C941E00F37166 /* Debug */ = {
			isa = XCBuildConfiguration;
			buildSettings = {
				ALWAYS_SEARCH_USER_PATHS = NO;
				CLANG_ANALYZER_NONNULL = YES;
				CLANG_ANALYZER_NUMBER_OBJECT_CONVERSION = YES_AGGRESSIVE;
				CLANG_CXX_LANGUAGE_STANDARD = "gnu++17";
				CLANG_CXX_LIBRARY = "libc++";
				CLANG_ENABLE_MODULES = YES;
				CLANG_ENABLE_OBJC_ARC = YES;
				CLANG_ENABLE_OBJC_WEAK = YES;
				CLANG_WARN_BLOCK_CAPTURE_AUTORELEASING = YES;
				CLANG_WARN_BOOL_CONVERSION = YES;
				CLANG_WARN_COMMA = YES;
				CLANG_WARN_CONSTANT_CONVERSION = YES;
				CLANG_WARN_DEPRECATED_OBJC_IMPLEMENTATIONS = YES;
				CLANG_WARN_DIRECT_OBJC_ISA_USAGE = YES_ERROR;
				CLANG_WARN_DOCUMENTATION_COMMENTS = YES;
				CLANG_WARN_EMPTY_BODY = YES;
				CLANG_WARN_ENUM_CONVERSION = YES;
				CLANG_WARN_INFINITE_RECURSION = YES;
				CLANG_WARN_INT_CONVERSION = YES;
				CLANG_WARN_NON_LITERAL_NULL_CONVERSION = YES;
				CLANG_WARN_OBJC_IMPLICIT_RETAIN_SELF = YES;
				CLANG_WARN_OBJC_LITERAL_CONVERSION = YES;
				CLANG_WARN_OBJC_ROOT_CLASS = YES_ERROR;
				CLANG_WARN_QUOTED_INCLUDE_IN_FRAMEWORK_HEADER = YES;
				CLANG_WARN_RANGE_LOOP_ANALYSIS = YES;
				CLANG_WARN_STRICT_PROTOTYPES = YES;
				CLANG_WARN_SUSPICIOUS_MOVE = YES;
				CLANG_WARN_UNGUARDED_AVAILABILITY = YES_AGGRESSIVE;
				CLANG_WARN_UNREACHABLE_CODE = YES;
				CLANG_WARN__DUPLICATE_METHOD_MATCH = YES;
				COPY_PHASE_STRIP = NO;
				DEBUG_INFORMATION_FORMAT = dwarf;
				ENABLE_STRICT_OBJC_MSGSEND = YES;
				ENABLE_TESTABILITY = YES;
				GCC_C_LANGUAGE_STANDARD = gnu11;
				GCC_DYNAMIC_NO_PIC = NO;
				GCC_NO_COMMON_BLOCKS = YES;
				GCC_OPTIMIZATION_LEVEL = 0;
				GCC_PREPROCESSOR_DEFINITIONS = (
					"DEBUG=1",
					"$(inherited)",
				);
				GCC_WARN_64_TO_32_BIT_CONVERSION = YES;
				GCC_WARN_ABOUT_RETURN_TYPE = YES_ERROR;
				GCC_WARN_UNDECLARED_SELECTOR = YES;
				GCC_WARN_UNINITIALIZED_AUTOS = YES_AGGRESSIVE;
				GCC_WARN_UNUSED_FUNCTION = YES;
				GCC_WARN_UNUSED_VARIABLE = YES;
				IPHONEOS_DEPLOYMENT_TARGET = 15.0;
				MTL_ENABLE_DEBUG_INFO = INCLUDE_SOURCE;
				MTL_FAST_MATH = YES;
				ONLY_ACTIVE_ARCH = YES;
				SDKROOT = iphoneos;
				SWIFT_ACTIVE_COMPILATION_CONDITIONS = DEBUG;
				SWIFT_OPTIMIZATION_LEVEL = "-Onone";
			};
			name = Debug;
		};
		6BEAC3AC272C941E00F37166 /* Release */ = {
			isa = XCBuildConfiguration;
			buildSettings = {
				ALWAYS_SEARCH_USER_PATHS = NO;
				CLANG_ANALYZER_NONNULL = YES;
				CLANG_ANALYZER_NUMBER_OBJECT_CONVERSION = YES_AGGRESSIVE;
				CLANG_CXX_LANGUAGE_STANDARD = "gnu++17";
				CLANG_CXX_LIBRARY = "libc++";
				CLANG_ENABLE_MODULES = YES;
				CLANG_ENABLE_OBJC_ARC = YES;
				CLANG_ENABLE_OBJC_WEAK = YES;
				CLANG_WARN_BLOCK_CAPTURE_AUTORELEASING = YES;
				CLANG_WARN_BOOL_CONVERSION = YES;
				CLANG_WARN_COMMA = YES;
				CLANG_WARN_CONSTANT_CONVERSION = YES;
				CLANG_WARN_DEPRECATED_OBJC_IMPLEMENTATIONS = YES;
				CLANG_WARN_DIRECT_OBJC_ISA_USAGE = YES_ERROR;
				CLANG_WARN_DOCUMENTATION_COMMENTS = YES;
				CLANG_WARN_EMPTY_BODY = YES;
				CLANG_WARN_ENUM_CONVERSION = YES;
				CLANG_WARN_INFINITE_RECURSION = YES;
				CLANG_WARN_INT_CONVERSION = YES;
				CLANG_WARN_NON_LITERAL_NULL_CONVERSION = YES;
				CLANG_WARN_OBJC_IMPLICIT_RETAIN_SELF = YES;
				CLANG_WARN_OBJC_LITERAL_CONVERSION = YES;
				CLANG_WARN_OBJC_ROOT_CLASS = YES_ERROR;
				CLANG_WARN_QUOTED_INCLUDE_IN_FRAMEWORK_HEADER = YES;
				CLANG_WARN_RANGE_LOOP_ANALYSIS = YES;
				CLANG_WARN_STRICT_PROTOTYPES = YES;
				CLANG_WARN_SUSPICIOUS_MOVE = YES;
				CLANG_WARN_UNGUARDED_AVAILABILITY = YES_AGGRESSIVE;
				CLANG_WARN_UNREACHABLE_CODE = YES;
				CLANG_WARN__DUPLICATE_METHOD_MATCH = YES;
				COPY_PHASE_STRIP = NO;
				DEBUG_INFORMATION_FORMAT = "dwarf-with-dsym";
				ENABLE_NS_ASSERTIONS = NO;
				ENABLE_STRICT_OBJC_MSGSEND = YES;
				GCC_C_LANGUAGE_STANDARD = gnu11;
				GCC_NO_COMMON_BLOCKS = YES;
				GCC_WARN_64_TO_32_BIT_CONVERSION = YES;
				GCC_WARN_ABOUT_RETURN_TYPE = YES_ERROR;
				GCC_WARN_UNDECLARED_SELECTOR = YES;
				GCC_WARN_UNINITIALIZED_AUTOS = YES_AGGRESSIVE;
				GCC_WARN_UNUSED_FUNCTION = YES;
				GCC_WARN_UNUSED_VARIABLE = YES;
				IPHONEOS_DEPLOYMENT_TARGET = 15.0;
				MTL_ENABLE_DEBUG_INFO = NO;
				MTL_FAST_MATH = YES;
				SDKROOT = iphoneos;
				SWIFT_COMPILATION_MODE = wholemodule;
				SWIFT_OPTIMIZATION_LEVEL = "-O";
				VALIDATE_PRODUCT = YES;
			};
			name = Release;
		};
		6BEAC3AE272C941E00F37166 /* Debug */ = {
			isa = XCBuildConfiguration;
			buildSettings = {
				ASSETCATALOG_COMPILER_APPICON_NAME = AppIcon;
				ASSETCATALOG_COMPILER_GLOBAL_ACCENT_COLOR_NAME = AccentColor;
				CODE_SIGN_STYLE = Automatic;
				CURRENT_PROJECT_VERSION = 1;
				DEVELOPMENT_TEAM = 5BYQDG63F6;
				GENERATE_INFOPLIST_FILE = YES;
				INFOPLIST_FILE = RunTheNumbers/Info.plist;
				INFOPLIST_KEY_UIApplicationSupportsIndirectInputEvents = YES;
				INFOPLIST_KEY_UILaunchStoryboardName = LaunchScreen;
				INFOPLIST_KEY_UIMainStoryboardFile = Main;
				INFOPLIST_KEY_UISupportedInterfaceOrientations_iPad = "UIInterfaceOrientationLandscapeLeft UIInterfaceOrientationLandscapeRight";
				INFOPLIST_KEY_UISupportedInterfaceOrientations_iPhone = "UIInterfaceOrientationPortrait UIInterfaceOrientationLandscapeLeft UIInterfaceOrientationLandscapeRight";
				LD_RUNPATH_SEARCH_PATHS = (
					"$(inherited)",
					"@executable_path/Frameworks",
				);
				MARKETING_VERSION = 1.0;
				PRODUCT_BUNDLE_IDENTIFIER = com.bradleygilmore.RunTheNumbers;
				PRODUCT_NAME = "$(TARGET_NAME)";
				SWIFT_EMIT_LOC_STRINGS = YES;
				SWIFT_VERSION = 5.0;
				TARGETED_DEVICE_FAMILY = 2;
			};
			name = Debug;
		};
		6BEAC3AF272C941E00F37166 /* Release */ = {
			isa = XCBuildConfiguration;
			buildSettings = {
				ASSETCATALOG_COMPILER_APPICON_NAME = AppIcon;
				ASSETCATALOG_COMPILER_GLOBAL_ACCENT_COLOR_NAME = AccentColor;
				CODE_SIGN_STYLE = Automatic;
				CURRENT_PROJECT_VERSION = 1;
				DEVELOPMENT_TEAM = 5BYQDG63F6;
				GENERATE_INFOPLIST_FILE = YES;
				INFOPLIST_FILE = RunTheNumbers/Info.plist;
				INFOPLIST_KEY_UIApplicationSupportsIndirectInputEvents = YES;
				INFOPLIST_KEY_UILaunchStoryboardName = LaunchScreen;
				INFOPLIST_KEY_UIMainStoryboardFile = Main;
				INFOPLIST_KEY_UISupportedInterfaceOrientations_iPad = "UIInterfaceOrientationLandscapeLeft UIInterfaceOrientationLandscapeRight";
				INFOPLIST_KEY_UISupportedInterfaceOrientations_iPhone = "UIInterfaceOrientationPortrait UIInterfaceOrientationLandscapeLeft UIInterfaceOrientationLandscapeRight";
				LD_RUNPATH_SEARCH_PATHS = (
					"$(inherited)",
					"@executable_path/Frameworks",
				);
				MARKETING_VERSION = 1.0;
				PRODUCT_BUNDLE_IDENTIFIER = com.bradleygilmore.RunTheNumbers;
				PRODUCT_NAME = "$(TARGET_NAME)";
				SWIFT_EMIT_LOC_STRINGS = YES;
				SWIFT_VERSION = 5.0;
				TARGETED_DEVICE_FAMILY = 2;
			};
			name = Release;
		};
/* End XCBuildConfiguration section */

/* Begin XCConfigurationList section */
		6BEAC394272C941C00F37166 /* Build configuration list for PBXProject "RunTheNumbers" */ = {
			isa = XCConfigurationList;
			buildConfigurations = (
				6BEAC3AB272C941E00F37166 /* Debug */,
				6BEAC3AC272C941E00F37166 /* Release */,
			);
			defaultConfigurationIsVisible = 0;
			defaultConfigurationName = Release;
		};
		6BEAC3AD272C941E00F37166 /* Build configuration list for PBXNativeTarget "RunTheNumbers" */ = {
			isa = XCConfigurationList;
			buildConfigurations = (
				6BEAC3AE272C941E00F37166 /* Debug */,
				6BEAC3AF272C941E00F37166 /* Release */,
			);
			defaultConfigurationIsVisible = 0;
			defaultConfigurationName = Release;
		};
/* End XCConfigurationList section */

/* Begin XCVersionGroup section */
		6BEAC3BC272DE36500F37166 /* RunTheNumbers.xcdatamodeld */ = {
			isa = XCVersionGroup;
			children = (
				6BEAC3BD272DE36500F37166 /* RunTheNumbers.xcdatamodel */,
			);
			currentVersion = 6BEAC3BD272DE36500F37166 /* RunTheNumbers.xcdatamodel */;
			path = RunTheNumbers.xcdatamodeld;
			sourceTree = "<group>";
			versionGroupType = wrapper.xcdatamodel;
		};
/* End XCVersionGroup section */
	};
	rootObject = 6BEAC391272C941C00F37166 /* Project object */;
}
